
Microsoft Visual Studio Solution File, Format Version 12.00
# Visual Studio 15
VisualStudioVersion = 15.0.28307.271
MinimumVisualStudioVersion = 10.0.40219.1
Project("{159641D6-6404-4A2A-AE62-294DE0FE8301}") = "RPDW_EXTERNAL", "RPDW_EXTERNAL.dtproj", "{251591A8-84FA-4CA2-9971-887250378770}"
EndProject
Global
	GlobalSection(SolutionConfigurationPlatforms) = preSolution
		Development|Default = Development|Default
	EndGlobalSection
	GlobalSection(ProjectConfigurationPlatforms) = postSolution
		{251591A8-84FA-4CA2-9971-887250378770}.Development|Default.ActiveCfg = Development
		{251591A8-84FA-4CA2-9971-887250378770}.Development|Default.Build.0 = Development
	EndGlobalSection
	GlobalSection(SolutionProperties) = preSolution
		HideSolutionNode = FALSE
	EndGlobalSection
	GlobalSection(ExtensibilityGlobals) = postSolution
		SolutionGuid = {88996DB0-7442-46A9-AC88-EE38394EEBC6}
	EndGlobalSection
EndGlobal
