
Microsoft Visual Studio Solution File, Format Version 12.00
# Visual Studio 15
VisualStudioVersion = 15.0.28307.106
MinimumVisualStudioVersion = 10.0.40219.1
Project("{159641D6-6404-4A2A-AE62-294DE0FE8301}") = "Phase2_PSTG_Framework", "Phase2_PSTG_Framework.dtproj", "{FD6359A4-D45C-4581-B041-3043C97CC7FF}"
EndProject
Global
	GlobalSection(SolutionConfigurationPlatforms) = preSolution
		Development|Default = Development|Default
	EndGlobalSection
	GlobalSection(ProjectConfigurationPlatforms) = postSolution
		{FD6359A4-D45C-4581-B041-3043C97CC7FF}.Development|Default.ActiveCfg = Development
		{FD6359A4-D45C-4581-B041-3043C97CC7FF}.Development|Default.Build.0 = Development
	EndGlobalSection
	GlobalSection(SolutionProperties) = preSolution
		HideSolutionNode = FALSE
	EndGlobalSection
	GlobalSection(ExtensibilityGlobals) = postSolution
		SolutionGuid = {B0A4C088-EC68-44F9-9191-B2DF4F220190}
	EndGlobalSection
EndGlobal
