
Microsoft Visual Studio Solution File, Format Version 12.00
# Visual Studio 15
VisualStudioVersion = 15.0.28307.271
MinimumVisualStudioVersion = 10.0.40219.1
Project("{159641D6-6404-4A2A-AE62-294DE0FE8301}") = "RPDW_OASIS", "RPDW_OASIS.dtproj", "{275FED11-6488-480A-B718-6760185F2B5F}"
EndProject
Global
	GlobalSection(SolutionConfigurationPlatforms) = preSolution
		Development|Default = Development|Default
	EndGlobalSection
	GlobalSection(ProjectConfigurationPlatforms) = postSolution
		{275FED11-6488-480A-B718-6760185F2B5F}.Development|Default.ActiveCfg = Development
		{275FED11-6488-480A-B718-6760185F2B5F}.Development|Default.Build.0 = Development
	EndGlobalSection
	GlobalSection(SolutionProperties) = preSolution
		HideSolutionNode = FALSE
	EndGlobalSection
	GlobalSection(ExtensibilityGlobals) = postSolution
		SolutionGuid = {93A3CC63-31C3-49C2-A8B4-6D6F8BEFB2B2}
	EndGlobalSection
EndGlobal
