
Microsoft Visual Studio Solution File, Format Version 12.00
# Visual Studio 15
VisualStudioVersion = 15.0.28307.1778
MinimumVisualStudioVersion = 10.0.40219.1
Project("{159641D6-6404-4A2A-AE62-294DE0FE8301}") = "Phase2_STG_Framework_ManualRun", "Phase2_STG_Framework_ManualRun\Phase2_STG_Framework_ManualRun.dtproj", "{899290FE-AD78-4554-B992-81A6ED82BED7}"
EndProject
Global
	GlobalSection(SolutionConfigurationPlatforms) = preSolution
		Development|Default = Development|Default
	EndGlobalSection
	GlobalSection(ProjectConfigurationPlatforms) = postSolution
		{899290FE-AD78-4554-B992-81A6ED82BED7}.Development|Default.ActiveCfg = Development
		{899290FE-AD78-4554-B992-81A6ED82BED7}.Development|Default.Build.0 = Development
	EndGlobalSection
	GlobalSection(SolutionProperties) = preSolution
		HideSolutionNode = FALSE
	EndGlobalSection
	GlobalSection(ExtensibilityGlobals) = postSolution
		SolutionGuid = {CF17C4DE-BC2E-4526-897B-364A4D1B69BC}
	EndGlobalSection
EndGlobal
