
Microsoft Visual Studio Solution File, Format Version 12.00
# Visual Studio 15
VisualStudioVersion = 15.0.28307.1778
MinimumVisualStudioVersion = 10.0.40219.1
Project("{159641D6-6404-4A2A-AE62-294DE0FE8301}") = "Phase2_PSTG_Framework_ManualRun", "Phase2_PSTG_Framework_ManualRun\Phase2_PSTG_Framework_ManualRun.dtproj", "{8FAA5F92-00EF-484F-B0CE-877A5DB1602D}"
EndProject
Global
	GlobalSection(SolutionConfigurationPlatforms) = preSolution
		Development|Default = Development|Default
	EndGlobalSection
	GlobalSection(ProjectConfigurationPlatforms) = postSolution
		{8FAA5F92-00EF-484F-B0CE-877A5DB1602D}.Development|Default.ActiveCfg = Development
		{8FAA5F92-00EF-484F-B0CE-877A5DB1602D}.Development|Default.Build.0 = Development
	EndGlobalSection
	GlobalSection(SolutionProperties) = preSolution
		HideSolutionNode = FALSE
	EndGlobalSection
	GlobalSection(ExtensibilityGlobals) = postSolution
		SolutionGuid = {0655632E-BA2C-4B4F-9CC1-58248963D60F}
	EndGlobalSection
EndGlobal
