
Microsoft Visual Studio Solution File, Format Version 12.00
# Visual Studio 15
VisualStudioVersion = 15.0.28307.271
MinimumVisualStudioVersion = 10.0.40219.1
Project("{159641D6-6404-4A2A-AE62-294DE0FE8301}") = "RPDW_DW", "RPDW_DW.dtproj", "{F4B1D73D-9C63-44D9-AEC1-597A8FC11883}"
EndProject
Global
	GlobalSection(SolutionConfigurationPlatforms) = preSolution
		Development|Default = Development|Default
	EndGlobalSection
	GlobalSection(ProjectConfigurationPlatforms) = postSolution
		{F4B1D73D-9C63-44D9-AEC1-597A8FC11883}.Development|Default.ActiveCfg = Development
		{F4B1D73D-9C63-44D9-AEC1-597A8FC11883}.Development|Default.Build.0 = Development
	EndGlobalSection
	GlobalSection(SolutionProperties) = preSolution
		HideSolutionNode = FALSE
	EndGlobalSection
	GlobalSection(ExtensibilityGlobals) = postSolution
		SolutionGuid = {986B540E-A02A-417B-AE4C-57B41629D6A3}
	EndGlobalSection
EndGlobal
